// !$*UTF8*$!
{
	archiveVersion = 1;
	classes = {
	};
	objectVersion = 46;
	objects = {

/* Begin PBXBuildFile section */
		A21796711BD5650A0038782B /* main.cpp in Sources */ = {isa = PBXBuildFile; fileRef = A21796701BD5650A0038782B /* main.cpp */; };
		A21796791BD58FD40038782B /* Queue.cpp in Sources */ = {isa = PBXBuildFile; fileRef = A21796771BD58FD40038782B /* Queue.cpp */; };
/* End PBXBuildFile section */

/* Begin PBXCopyFilesBuildPhase section */
		A217966B1BD5650A0038782B /* CopyFiles */ = {
			isa = PBXCopyFilesBuildPhase;
			buildActionMask = 2147483647;
			dstPath = /usr/share/man/man1/;
			dstSubfolderSpec = 0;
			files = (
			);
			runOnlyForDeploymentPostprocessing = 1;
		};
/* End PBXCopyFilesBuildPhase section */

/* Begin PBXFileReference section */
		A217966D1BD5650A0038782B /* LinkedListTest */ = {isa = PBXFileReference; explicitFileType = "compiled.mach-o.executable"; includeInIndex = 0; path = LinkedListTest; sourceTree = BUILT_PRODUCTS_DIR; };
		A21796701BD5650A0038782B /* main.cpp */ = {isa = PBXFileReference; lastKnownFileType = sourcecode.cpp.cpp; path = main.cpp; sourceTree = "<group>"; };
		A21796771BD58FD40038782B /* Queue.cpp */ = {isa = PBXFileReference; fileEncoding = 4; lastKnownFileType = sourcecode.cpp.cpp; path = Queue.cpp; sourceTree = "<group>"; };
		A21796781BD58FD40038782B /* Queue.h */ = {isa = PBXFileReference; fileEncoding = 4; lastKnownFileType = sourcecode.c.h; path = Queue.h; sourceTree = "<group>"; };
/* End PBXFileReference section */

/* Begin PBXFrameworksBuildPhase section */
		A217966A1BD5650A0038782B /* Frameworks */ = {
			isa = PBXFrameworksBuildPhase;
			buildActionMask = 2147483647;
			files = (
			);
			runOnlyForDeploymentPostprocessing = 0;
		};
/* End PBXFrameworksBuildPhase section */

/* Begin PBXGroup section */
		A21796641BD5650A0038782B = {
			isa = PBXGroup;
			children = (
				A217966F1BD5650A0038782B /* LinkedListTest */,
				A217966E1BD5650A0038782B /* Products */,
			);
			sourceTree = "<group>";
		};
		A217966E1BD5650A0038782B /* Products */ = {
			isa = PBXGroup;
			children = (
				A217966D1BD5650A0038782B /* LinkedListTest */,
			);
			name = Products;
			sourceTree = "<group>";
		};
		A217966F1BD5650A0038782B /* LinkedListTest */ = {
			isa = PBXGroup;
			children = (
				A21796701BD5650A0038782B /* main.cpp */,
				A21796771BD58FD40038782B /* Queue.cpp */,
				A21796781BD58FD40038782B /* Queue.h */,
			);
			path = LinkedListTest;
			sourceTree = "<group>";
		};
/* End PBXGroup section */

/* Begin PBXNativeTarget section */
		A217966C1BD5650A0038782B /* LinkedListTest */ = {
			isa = PBXNativeTarget;
			buildConfigurationList = A21796741BD5650A0038782B /* Build configuration list for PBXNativeTarget "LinkedListTest" */;
			buildPhases = (
				A21796691BD5650A0038782B /* Sources */,
				A217966A1BD5650A0038782B /* Frameworks */,
				A217966B1BD5650A0038782B /* CopyFiles */,
			);
			buildRules = (
			);
			dependencies = (
			);
			name = LinkedListTest;
			productName = LinkedListTest;
			productReference = A217966D1BD5650A0038782B /* LinkedListTest */;
			productType = "com.apple.product-type.tool";
		};
/* End PBXNativeTarget section */

/* Begin PBXProject section */
		A21796651BD5650A0038782B /* Project object */ = {
			isa = PBXProject;
			attributes = {
				LastUpgradeCheck = 0640;
				ORGANIZATIONNAME = "Alexander Rivera";
				TargetAttributes = {
					A217966C1BD5650A0038782B = {
						CreatedOnToolsVersion = 6.4;
					};
				};
			};
			buildConfigurationList = A21796681BD5650A0038782B /* Build configuration list for PBXProject "LinkedListTest" */;
			compatibilityVersion = "Xcode 3.2";
			developmentRegion = English;
			hasScannedForEncodings = 0;
			knownRegions = (
				en,
			);
			mainGroup = A21796641BD5650A0038782B;
			productRefGroup = A217966E1BD5650A0038782B /* Products */;
			projectDirPath = "";
			projectRoot = "";
			targets = (
				A217966C1BD5650A0038782B /* LinkedListTest */,
			);
		};
/* End PBXProject section */

/* Begin PBXSourcesBuildPhase section */
		A21796691BD5650A0038782B /* Sources */ = {
			isa = PBXSourcesBuildPhase;
			buildActionMask = 2147483647;
			files = (
				A21796711BD5650A0038782B /* main.cpp in Sources */,
				A21796791BD58FD40038782B /* Queue.cpp in Sources */,
			);
			runOnlyForDeploymentPostprocessing = 0;
		};
/* End PBXSourcesBuildPhase section */

/* Begin XCBuildConfiguration section */
		A21796721BD5650A0038782B /* Debug */ = {
			isa = XCBuildConfiguration;
			buildSettings = {
				ALWAYS_SEARCH_USER_PATHS = NO;
				CLANG_CXX_LANGUAGE_STANDARD = "gnu++0x";
				CLANG_CXX_LIBRARY = "libc++";
				CLANG_ENABLE_MODULES = YES;
				CLANG_ENABLE_OBJC_ARC = YES;
				CLANG_WARN_BOOL_CONVERSION = YES;
				CLANG_WARN_CONSTANT_CONVERSION = YES;
				CLANG_WARN_DIRECT_OBJC_ISA_USAGE = YES_ERROR;
				CLANG_WARN_EMPTY_BODY = YES;
				CLANG_WARN_ENUM_CONVERSION = YES;
				CLANG_WARN_INT_CONVERSION = YES;
				CLANG_WARN_OBJC_ROOT_CLASS = YES_ERROR;
				CLANG_WARN_UNREACHABLE_CODE = YES;
				CLANG_WARN__DUPLICATE_METHOD_MATCH = YES;
				COPY_PHASE_STRIP = NO;
				DEBUG_INFORMATION_FORMAT = dwarf;
				ENABLE_STRICT_OBJC_MSGSEND = YES;
				GCC_C_LANGUAGE_STANDARD = gnu99;
				GCC_DYNAMIC_NO_PIC = NO;
				GCC_NO_COMMON_BLOCKS = YES;
				GCC_OPTIMIZATION_LEVEL = 0;
				GCC_PREPROCESSOR_DEFINITIONS = (
					"DEBUG=1",
					"$(inherited)",
				);
				GCC_SYMBOLS_PRIVATE_EXTERN = NO;
				GCC_WARN_64_TO_32_BIT_CONVERSION = YES;
				GCC_WARN_ABOUT_RETURN_TYPE = YES_ERROR;
				GCC_WARN_UNDECLARED_SELECTOR = YES;
				GCC_WARN_UNINITIALIZED_AUTOS = YES_AGGRESSIVE;
				GCC_WARN_UNUSED_FUNCTION = YES;
				GCC_WARN_UNUSED_VARIABLE = YES;
				MACOSX_DEPLOYMENT_TARGET = 10.10;
				MTL_ENABLE_DEBUG_INFO = YES;
				ONLY_ACTIVE_ARCH = YES;
				SDKROOT = macosx;
			};
			name = Debug;
		};
		A21796731BD5650A0038782B /* Release */ = {
			isa = XCBuildConfiguration;
			buildSettings = {
				ALWAYS_SEARCH_USER_PATHS = NO;
				CLANG_CXX_LANGUAGE_STANDARD = "gnu++0x";
				CLANG_CXX_LIBRARY = "libc++";
				CLANG_ENABLE_MODULES = YES;
				CLANG_ENABLE_OBJC_ARC = YES;
				CLANG_WARN_BOOL_CONVERSION = YES;
				CLANG_WARN_CONSTANT_CONVERSION = YES;
				CLANG_WARN_DIRECT_OBJC_ISA_USAGE = YES_ERROR;
				CLANG_WARN_EMPTY_BODY = YES;
				CLANG_WARN_ENUM_CONVERSION = YES;
				CLANG_WARN_INT_CONVERSION = YES;
				CLANG_WARN_OBJC_ROOT_CLASS = YES_ERROR;
				CLANG_WARN_UNREACHABLE_CODE = YES;
				CLANG_WARN__DUPLICATE_METHOD_MATCH = YES;
				COPY_PHASE_STRIP = NO;
				DEBUG_INFORMATION_FORMAT = "dwarf-with-dsym";
				ENABLE_NS_ASSERTIONS = NO;
				ENABLE_STRICT_OBJC_MSGSEND = YES;
				GCC_C_LANGUAGE_STANDARD = gnu99;
				GCC_NO_COMMON_BLOCKS = YES;
				GCC_WARN_64_TO_32_BIT_CONVERSION = YES;
				GCC_WARN_ABOUT_RETURN_TYPE = YES_ERROR;
				GCC_WARN_UNDECLARED_SELECTOR = YES;
				GCC_WARN_UNINITIALIZED_AUTOS = YES_AGGRESSIVE;
				GCC_WARN_UNUSED_FUNCTION = YES;
				GCC_WARN_UNUSED_VARIABLE = YES;
				MACOSX_DEPLOYMENT_TARGET = 10.10;
				MTL_ENABLE_DEBUG_INFO = NO;
				SDKROOT = macosx;
			};
			name = Release;
		};
		A21796751BD5650A0038782B /* Debug */ = {
			isa = XCBuildConfiguration;
			buildSettings = {
				PRODUCT_NAME = "$(TARGET_NAME)";
			};
			name = Debug;
		};
		A21796761BD5650A0038782B /* Release */ = {
			isa = XCBuildConfiguration;
			buildSettings = {
				PRODUCT_NAME = "$(TARGET_NAME)";
			};
			name = Release;
		};
/* End XCBuildConfiguration section */

/* Begin XCConfigurationList section */
		A21796681BD5650A0038782B /* Build configuration list for PBXProject "LinkedListTest" */ = {
			isa = XCConfigurationList;
			buildConfigurations = (
				A21796721BD5650A0038782B /* Debug */,
				A21796731BD5650A0038782B /* Release */,
			);
			defaultConfigurationIsVisible = 0;
			defaultConfigurationName = Release;
		};
		A21796741BD5650A0038782B /* Build configuration list for PBXNativeTarget "LinkedListTest" */ = {
			isa = XCConfigurationList;
			buildConfigurations = (
				A21796751BD5650A0038782B /* Debug */,
				A21796761BD5650A0038782B /* Release */,
			);
			defaultConfigurationIsVisible = 0;
		};
/* End XCConfigurationList section */
	};
	rootObject = A21796651BD5650A0038782B /* Project object */;
}
